// !$*UTF8*$!
{
	archiveVersion = 1;
	classes = {
	};
	objectVersion = 50;
	objects = {

/* Begin PBXBuildFile section */
		0B41188610E85A9306F9AE34 /* Pods_DownloadingAnimationRx.framework in Frameworks */ = {isa = PBXBuildFile; fileRef = A0F039762A452F51CEE686DC /* Pods_DownloadingAnimationRx.framework */; };
		AA037D0321923C2C00635603 /* AppDelegate.swift in Sources */ = {isa = PBXBuildFile; fileRef = AA037D0221923C2C00635603 /* AppDelegate.swift */; };
		AA037D0521923C2C00635603 /* ViewController.swift in Sources */ = {isa = PBXBuildFile; fileRef = AA037D0421923C2C00635603 /* ViewController.swift */; };
		AA037D0821923C2C00635603 /* Main.storyboard in Resources */ = {isa = PBXBuildFile; fileRef = AA037D0621923C2C00635603 /* Main.storyboard */; };
		AA037D0A21923C2E00635603 /* Assets.xcassets in Resources */ = {isa = PBXBuildFile; fileRef = AA037D0921923C2E00635603 /* Assets.xcassets */; };
		AA037D0D21923C2E00635603 /* LaunchScreen.storyboard in Resources */ = {isa = PBXBuildFile; fileRef = AA037D0B21923C2E00635603 /* LaunchScreen.storyboard */; };
/* End PBXBuildFile section */

/* Begin PBXFileReference section */
		2EC63BD3E38AE482A5300200 /* Pods-DownloadingAnimationRx.release.xcconfig */ = {isa = PBXFileReference; includeInIndex = 1; lastKnownFileType = text.xcconfig; name = "Pods-DownloadingAnimationRx.release.xcconfig"; path = "Pods/Target Support Files/Pods-DownloadingAnimationRx/Pods-DownloadingAnimationRx.release.xcconfig"; sourceTree = "<group>"; };
		A0F039762A452F51CEE686DC /* Pods_DownloadingAnimationRx.framework */ = {isa = PBXFileReference; explicitFileType = wrapper.framework; includeInIndex = 0; path = Pods_DownloadingAnimationRx.framework; sourceTree = BUILT_PRODUCTS_DIR; };
		AA037CFF21923C2C00635603 /* DownloadingAnimationRx.app */ = {isa = PBXFileReference; explicitFileType = wrapper.application; includeInIndex = 0; path = DownloadingAnimationRx.app; sourceTree = BUILT_PRODUCTS_DIR; };
		AA037D0221923C2C00635603 /* AppDelegate.swift */ = {isa = PBXFileReference; lastKnownFileType = sourcecode.swift; path = AppDelegate.swift; sourceTree = "<group>"; };
		AA037D0421923C2C00635603 /* ViewController.swift */ = {isa = PBXFileReference; lastKnownFileType = sourcecode.swift; path = ViewController.swift; sourceTree = "<group>"; };
		AA037D0721923C2C00635603 /* Base */ = {isa = PBXFileReference; lastKnownFileType = file.storyboard; name = Base; path = Base.lproj/Main.storyboard; sourceTree = "<group>"; };
		AA037D0921923C2E00635603 /* Assets.xcassets */ = {isa = PBXFileReference; lastKnownFileType = folder.assetcatalog; path = Assets.xcassets; sourceTree = "<group>"; };
		AA037D0C21923C2E00635603 /* Base */ = {isa = PBXFileReference; lastKnownFileType = file.storyboard; name = Base; path = Base.lproj/LaunchScreen.storyboard; sourceTree = "<group>"; };
		AA037D0E21923C2E00635603 /* Info.plist */ = {isa = PBXFileReference; lastKnownFileType = text.plist.xml; path = Info.plist; sourceTree = "<group>"; };
		DBED58667D4B8AF99A5E214F /* Pods-DownloadingAnimationRx.debug.xcconfig */ = {isa = PBXFileReference; includeInIndex = 1; lastKnownFileType = text.xcconfig; name = "Pods-DownloadingAnimationRx.debug.xcconfig"; path = "Pods/Target Support Files/Pods-DownloadingAnimationRx/Pods-DownloadingAnimationRx.debug.xcconfig"; sourceTree = "<group>"; };
/* End PBXFileReference section */

/* Begin PBXFrameworksBuildPhase section */
		AA037CFC21923C2C00635603 /* Frameworks */ = {
			isa = PBXFrameworksBuildPhase;
			buildActionMask = 2147483647;
			files = (
				0B41188610E85A9306F9AE34 /* Pods_DownloadingAnimationRx.framework in Frameworks */,
			);
			runOnlyForDeploymentPostprocessing = 0;
		};
/* End PBXFrameworksBuildPhase section */

/* Begin PBXGroup section */
		14A2DC0679E07A05FA22939B /* Pods */ = {
			isa = PBXGroup;
			children = (
				DBED58667D4B8AF99A5E214F /* Pods-DownloadingAnimationRx.debug.xcconfig */,
				2EC63BD3E38AE482A5300200 /* Pods-DownloadingAnimationRx.release.xcconfig */,
			);
			name = Pods;
			sourceTree = "<group>";
		};
		AA037CF621923C2C00635603 = {
			isa = PBXGroup;
			children = (
				AA037D0121923C2C00635603 /* DownloadingAnimationRx */,
				AA037D0021923C2C00635603 /* Products */,
				14A2DC0679E07A05FA22939B /* Pods */,
				D381025FD656D9E7F41011D4 /* Frameworks */,
			);
			sourceTree = "<group>";
		};
		AA037D0021923C2C00635603 /* Products */ = {
			isa = PBXGroup;
			children = (
				AA037CFF21923C2C00635603 /* DownloadingAnimationRx.app */,
			);
			name = Products;
			sourceTree = "<group>";
		};
		AA037D0121923C2C00635603 /* DownloadingAnimationRx */ = {
			isa = PBXGroup;
			children = (
				AA037D0221923C2C00635603 /* AppDelegate.swift */,
				AA037D0421923C2C00635603 /* ViewController.swift */,
				AA037D0621923C2C00635603 /* Main.storyboard */,
				AA037D0921923C2E00635603 /* Assets.xcassets */,
				AA037D0B21923C2E00635603 /* LaunchScreen.storyboard */,
				AA037D0E21923C2E00635603 /* Info.plist */,
			);
			path = DownloadingAnimationRx;
			sourceTree = "<group>";
		};
		D381025FD656D9E7F41011D4 /* Frameworks */ = {
			isa = PBXGroup;
			children = (
				A0F039762A452F51CEE686DC /* Pods_DownloadingAnimationRx.framework */,
			);
			name = Frameworks;
			sourceTree = "<group>";
		};
/* End PBXGroup section */

/* Begin PBXNativeTarget section */
		AA037CFE21923C2C00635603 /* DownloadingAnimationRx */ = {
			isa = PBXNativeTarget;
			buildConfigurationList = AA037D1121923C2E00635603 /* Build configuration list for PBXNativeTarget "DownloadingAnimationRx" */;
			buildPhases = (
				8D609B78176C246F1E909E98 /* [CP] Check Pods Manifest.lock */,
				AA037CFB21923C2C00635603 /* Sources */,
				AA037CFC21923C2C00635603 /* Frameworks */,
				AA037CFD21923C2C00635603 /* Resources */,
				7268088755B6A9B6DD2091E4 /* [CP] Embed Pods Frameworks */,
			);
			buildRules = (
			);
			dependencies = (
			);
			name = DownloadingAnimationRx;
			productName = DownloadingAnimationRx;
			productReference = AA037CFF21923C2C00635603 /* DownloadingAnimationRx.app */;
			productType = "com.apple.product-type.application";
		};
/* End PBXNativeTarget section */

/* Begin PBXProject section */
		AA037CF721923C2C00635603 /* Project object */ = {
			isa = PBXProject;
			attributes = {
				LastSwiftUpdateCheck = 1010;
				LastUpgradeCheck = 1010;
				ORGANIZATIONNAME = "Tho Do";
				TargetAttributes = {
					AA037CFE21923C2C00635603 = {
						CreatedOnToolsVersion = 10.1;
					};
				};
			};
			buildConfigurationList = AA037CFA21923C2C00635603 /* Build configuration list for PBXProject "DownloadingAnimationRx" */;
			compatibilityVersion = "Xcode 9.3";
			developmentRegion = en;
			hasScannedForEncodings = 0;
			knownRegions = (
				en,
				Base,
			);
			mainGroup = AA037CF621923C2C00635603;
			productRefGroup = AA037D0021923C2C00635603 /* Products */;
			projectDirPath = "";
			projectRoot = "";
			targets = (
				AA037CFE21923C2C00635603 /* DownloadingAnimationRx */,
			);
		};
/* End PBXProject section */

/* Begin PBXResourcesBuildPhase section */
		AA037CFD21923C2C00635603 /* Resources */ = {
			isa = PBXResourcesBuildPhase;
			buildActionMask = 2147483647;
			files = (
				AA037D0D21923C2E00635603 /* LaunchScreen.storyboard in Resources */,
				AA037D0A21923C2E00635603 /* Assets.xcassets in Resources */,
				AA037D0821923C2C00635603 /* Main.storyboard in Resources */,
			);
			runOnlyForDeploymentPostprocessing = 0;
		};
/* End PBXResourcesBuildPhase section */

/* Begin PBXShellScriptBuildPhase section */
		7268088755B6A9B6DD2091E4 /* [CP] Embed Pods Frameworks */ = {
			isa = PBXShellScriptBuildPhase;
			buildActionMask = 2147483647;
			files = (
			);
			inputPaths = (
				"${SRCROOT}/Pods/Target Support Files/Pods-DownloadingAnimationRx/Pods-DownloadingAnimationRx-frameworks.sh",
				"${BUILT_PRODUCTS_DIR}/RxAtomic/RxAtomic.framework",
				"${BUILT_PRODUCTS_DIR}/RxCocoa/RxCocoa.framework",
				"${BUILT_PRODUCTS_DIR}/RxSwift/RxSwift.framework",
			);
			name = "[CP] Embed Pods Frameworks";
			outputPaths = (
				"${TARGET_BUILD_DIR}/${FRAMEWORKS_FOLDER_PATH}/RxAtomic.framework",
				"${TARGET_BUILD_DIR}/${FRAMEWORKS_FOLDER_PATH}/RxCocoa.framework",
				"${TARGET_BUILD_DIR}/${FRAMEWORKS_FOLDER_PATH}/RxSwift.framework",
			);
			runOnlyForDeploymentPostprocessing = 0;
			shellPath = /bin/sh;
			shellScript = "\"${SRCROOT}/Pods/Target Support Files/Pods-DownloadingAnimationRx/Pods-DownloadingAnimationRx-frameworks.sh\"\n";
			showEnvVarsInLog = 0;
		};
		8D609B78176C246F1E909E98 /* [CP] Check Pods Manifest.lock */ = {
			isa = PBXShellScriptBuildPhase;
			buildActionMask = 2147483647;
			files = (
			);
			inputPaths = (
				"${PODS_PODFILE_DIR_PATH}/Podfile.lock",
				"${PODS_ROOT}/Manifest.lock",
			);
			name = "[CP] Check Pods Manifest.lock";
			outputPaths = (
				"$(DERIVED_FILE_DIR)/Pods-DownloadingAnimationRx-checkManifestLockResult.txt",
			);
			runOnlyForDeploymentPostprocessing = 0;
			shellPath = /bin/sh;
			shellScript = "diff \"${PODS_PODFILE_DIR_PATH}/Podfile.lock\" \"${PODS_ROOT}/Manifest.lock\" > /dev/null\nif [ $? != 0 ] ; then\n    # print error to STDERR\n    echo \"error: The sandbox is not in sync with the Podfile.lock. Run 'pod install' or update your CocoaPods installation.\" >&2\n    exit 1\nfi\n# This output is used by Xcode 'outputs' to avoid re-running this script phase.\necho \"SUCCESS\" > \"${SCRIPT_OUTPUT_FILE_0}\"\n";
			showEnvVarsInLog = 0;
		};
/* End PBXShellScriptBuildPhase section */

/* Begin PBXSourcesBuildPhase section */
		AA037CFB21923C2C00635603 /* Sources */ = {
			isa = PBXSourcesBuildPhase;
			buildActionMask = 2147483647;
			files = (
				AA037D0521923C2C00635603 /* ViewController.swift in Sources */,
				AA037D0321923C2C00635603 /* AppDelegate.swift in Sources */,
			);
			runOnlyForDeploymentPostprocessing = 0;
		};
/* End PBXSourcesBuildPhase section */

/* Begin PBXVariantGroup section */
		AA037D0621923C2C00635603 /* Main.storyboard */ = {
			isa = PBXVariantGroup;
			children = (
				AA037D0721923C2C00635603 /* Base */,
			);
			name = Main.storyboard;
			sourceTree = "<group>";
		};
		AA037D0B21923C2E00635603 /* LaunchScreen.storyboard */ = {
			isa = PBXVariantGroup;
			children = (
				AA037D0C21923C2E00635603 /* Base */,
			);
			name = LaunchScreen.storyboard;
			sourceTree = "<group>";
		};
/* End PBXVariantGroup section */

/* Begin XCBuildConfiguration section */
		AA037D0F21923C2E00635603 /* Debug */ = {
			isa = XCBuildConfiguration;
			buildSettings = {
				ALWAYS_SEARCH_USER_PATHS = NO;
				CLANG_ANALYZER_NONNULL = YES;
				CLANG_ANALYZER_NUMBER_OBJECT_CONVERSION = YES_AGGRESSIVE;
				CLANG_CXX_LANGUAGE_STANDARD = "gnu++14";
				CLANG_CXX_LIBRARY = "libc++";
				CLANG_ENABLE_MODULES = YES;
				CLANG_ENABLE_OBJC_ARC = YES;
				CLANG_ENABLE_OBJC_WEAK = YES;
				CLANG_WARN_BLOCK_CAPTURE_AUTORELEASING = YES;
				CLANG_WARN_BOOL_CONVERSION = YES;
				CLANG_WARN_COMMA = YES;
				CLANG_WARN_CONSTANT_CONVERSION = YES;
				CLANG_WARN_DEPRECATED_OBJC_IMPLEMENTATIONS = YES;
				CLANG_WARN_DIRECT_OBJC_ISA_USAGE = YES_ERROR;
				CLANG_WARN_DOCUMENTATION_COMMENTS = YES;
				CLANG_WARN_EMPTY_BODY = YES;
				CLANG_WARN_ENUM_CONVERSION = YES;
				CLANG_WARN_INFINITE_RECURSION = YES;
				CLANG_WARN_INT_CONVERSION = YES;
				CLANG_WARN_NON_LITERAL_NULL_CONVERSION = YES;
				CLANG_WARN_OBJC_IMPLICIT_RETAIN_SELF = YES;
				CLANG_WARN_OBJC_LITERAL_CONVERSION = YES;
				CLANG_WARN_OBJC_ROOT_CLASS = YES_ERROR;
				CLANG_WARN_RANGE_LOOP_ANALYSIS = YES;
				CLANG_WARN_STRICT_PROTOTYPES = YES;
				CLANG_WARN_SUSPICIOUS_MOVE = YES;
				CLANG_WARN_UNGUARDED_AVAILABILITY = YES_AGGRESSIVE;
				CLANG_WARN_UNREACHABLE_CODE = YES;
				CLANG_WARN__DUPLICATE_METHOD_MATCH = YES;
				CODE_SIGN_IDENTITY = "iPhone Developer";
				COPY_PHASE_STRIP = NO;
				DEBUG_INFORMATION_FORMAT = dwarf;
				ENABLE_STRICT_OBJC_MSGSEND = YES;
				ENABLE_TESTABILITY = YES;
				GCC_C_LANGUAGE_STANDARD = gnu11;
				GCC_DYNAMIC_NO_PIC = NO;
				GCC_NO_COMMON_BLOCKS = YES;
				GCC_OPTIMIZATION_LEVEL = 0;
				GCC_PREPROCESSOR_DEFINITIONS = (
					"DEBUG=1",
					"$(inherited)",
				);
				GCC_WARN_64_TO_32_BIT_CONVERSION = YES;
				GCC_WARN_ABOUT_RETURN_TYPE = YES_ERROR;
				GCC_WARN_UNDECLARED_SELECTOR = YES;
				GCC_WARN_UNINITIALIZED_AUTOS = YES_AGGRESSIVE;
				GCC_WARN_UNUSED_FUNCTION = YES;
				GCC_WARN_UNUSED_VARIABLE = YES;
				IPHONEOS_DEPLOYMENT_TARGET = 12.1;
				MTL_ENABLE_DEBUG_INFO = INCLUDE_SOURCE;
				MTL_FAST_MATH = YES;
				ONLY_ACTIVE_ARCH = YES;
				SDKROOT = iphoneos;
				SWIFT_ACTIVE_COMPILATION_CONDITIONS = DEBUG;
				SWIFT_OPTIMIZATION_LEVEL = "-Onone";
			};
			name = Debug;
		};
		AA037D1021923C2E00635603 /* Release */ = {
			isa = XCBuildConfiguration;
			buildSettings = {
				ALWAYS_SEARCH_USER_PATHS = NO;
				CLANG_ANALYZER_NONNULL = YES;
				CLANG_ANALYZER_NUMBER_OBJECT_CONVERSION = YES_AGGRESSIVE;
				CLANG_CXX_LANGUAGE_STANDARD = "gnu++14";
				CLANG_CXX_LIBRARY = "libc++";
				CLANG_ENABLE_MODULES = YES;
				CLANG_ENABLE_OBJC_ARC = YES;
				CLANG_ENABLE_OBJC_WEAK = YES;
				CLANG_WARN_BLOCK_CAPTURE_AUTORELEASING = YES;
				CLANG_WARN_BOOL_CONVERSION = YES;
				CLANG_WARN_COMMA = YES;
				CLANG_WARN_CONSTANT_CONVERSION = YES;
				CLANG_WARN_DEPRECATED_OBJC_IMPLEMENTATIONS = YES;
				CLANG_WARN_DIRECT_OBJC_ISA_USAGE = YES_ERROR;
				CLANG_WARN_DOCUMENTATION_COMMENTS = YES;
				CLANG_WARN_EMPTY_BODY = YES;
				CLANG_WARN_ENUM_CONVERSION = YES;
				CLANG_WARN_INFINITE_RECURSION = YES;
				CLANG_WARN_INT_CONVERSION = YES;
				CLANG_WARN_NON_LITERAL_NULL_CONVERSION = YES;
				CLANG_WARN_OBJC_IMPLICIT_RETAIN_SELF = YES;
				CLANG_WARN_OBJC_LITERAL_CONVERSION = YES;
				CLANG_WARN_OBJC_ROOT_CLASS = YES_ERROR;
				CLANG_WARN_RANGE_LOOP_ANALYSIS = YES;
				CLANG_WARN_STRICT_PROTOTYPES = YES;
				CLANG_WARN_SUSPICIOUS_MOVE = YES;
				CLANG_WARN_UNGUARDED_AVAILABILITY = YES_AGGRESSIVE;
				CLANG_WARN_UNREACHABLE_CODE = YES;
				CLANG_WARN__DUPLICATE_METHOD_MATCH = YES;
				CODE_SIGN_IDENTITY = "iPhone Developer";
				COPY_PHASE_STRIP = NO;
				DEBUG_INFORMATION_FORMAT = "dwarf-with-dsym";
				ENABLE_NS_ASSERTIONS = NO;
				ENABLE_STRICT_OBJC_MSGSEND = YES;
				GCC_C_LANGUAGE_STANDARD = gnu11;
				GCC_NO_COMMON_BLOCKS = YES;
				GCC_WARN_64_TO_32_BIT_CONVERSION = YES;
				GCC_WARN_ABOUT_RETURN_TYPE = YES_ERROR;
				GCC_WARN_UNDECLARED_SELECTOR = YES;
				GCC_WARN_UNINITIALIZED_AUTOS = YES_AGGRESSIVE;
				GCC_WARN_UNUSED_FUNCTION = YES;
				GCC_WARN_UNUSED_VARIABLE = YES;
				IPHONEOS_DEPLOYMENT_TARGET = 12.1;
				MTL_ENABLE_DEBUG_INFO = NO;
				MTL_FAST_MATH = YES;
				SDKROOT = iphoneos;
				SWIFT_COMPILATION_MODE = wholemodule;
				SWIFT_OPTIMIZATION_LEVEL = "-O";
				VALIDATE_PRODUCT = YES;
			};
			name = Release;
		};
		AA037D1221923C2E00635603 /* Debug */ = {
			isa = XCBuildConfiguration;
			baseConfigurationReference = DBED58667D4B8AF99A5E214F /* Pods-DownloadingAnimationRx.debug.xcconfig */;
			buildSettings = {
				ASSETCATALOG_COMPILER_APPICON_NAME = AppIcon;
				CODE_SIGN_STYLE = Automatic;
				DEVELOPMENT_TEAM = 28M7GRCADQ;
				INFOPLIST_FILE = DownloadingAnimationRx/Info.plist;
				LD_RUNPATH_SEARCH_PATHS = "$(inherited) @executable_path/Frameworks";
				PRODUCT_BUNDLE_IDENTIFIER = "Tho-Do.DownloadingAnimationRx";
				PRODUCT_NAME = "$(TARGET_NAME)";
				SWIFT_VERSION = 4.2;
				TARGETED_DEVICE_FAMILY = "1,2";
			};
			name = Debug;
		};
		AA037D1321923C2E00635603 /* Release */ = {
			isa = XCBuildConfiguration;
			baseConfigurationReference = 2EC63BD3E38AE482A5300200 /* Pods-DownloadingAnimationRx.release.xcconfig */;
			buildSettings = {
				ASSETCATALOG_COMPILER_APPICON_NAME = AppIcon;
				CODE_SIGN_STYLE = Automatic;
				DEVELOPMENT_TEAM = 28M7GRCADQ;
				INFOPLIST_FILE = DownloadingAnimationRx/Info.plist;
				LD_RUNPATH_SEARCH_PATHS = "$(inherited) @executable_path/Frameworks";
				PRODUCT_BUNDLE_IDENTIFIER = "Tho-Do.DownloadingAnimationRx";
				PRODUCT_NAME = "$(TARGET_NAME)";
				SWIFT_VERSION = 4.2;
				TARGETED_DEVICE_FAMILY = "1,2";
			};
			name = Release;
		};
/* End XCBuildConfiguration section */

/* Begin XCConfigurationList section */
		AA037CFA21923C2C00635603 /* Build configuration list for PBXProject "DownloadingAnimationRx" */ = {
			isa = XCConfigurationList;
			buildConfigurations = (
				AA037D0F21923C2E00635603 /* Debug */,
				AA037D1021923C2E00635603 /* Release */,
			);
			defaultConfigurationIsVisible = 0;
			defaultConfigurationName = Release;
		};
		AA037D1121923C2E00635603 /* Build configuration list for PBXNativeTarget "DownloadingAnimationRx" */ = {
			isa = XCConfigurationList;
			buildConfigurations = (
				AA037D1221923C2E00635603 /* Debug */,
				AA037D1321923C2E00635603 /* Release */,
			);
			defaultConfigurationIsVisible = 0;
			defaultConfigurationName = Release;
		};
/* End XCConfigurationList section */
	};
	rootObject = AA037CF721923C2C00635603 /* Project object */;
}
